// !$*UTF8*$!
{
	archiveVersion = 1;
	classes = {
	};
	objectVersion = 56;
	objects = {

/* Begin PBXBuildFile section */
		4E5B09C32C8E381100FBA473 /* TransactionsHeaderView.swift in Sources */ = {isa = PBXBuildFile; fileRef = 4E5B09C22C8E381100FBA473 /* TransactionsHeaderView.swift */; };
		4EC7FE8D2C8BAF8700A37E78 /* AppDelegate.swift in Sources */ = {isa = PBXBuildFile; fileRef = 4EC7FE8C2C8BAF8700A37E78 /* AppDelegate.swift */; };
		4EC7FE8F2C8BAF8700A37E78 /* SceneDelegate.swift in Sources */ = {isa = PBXBuildFile; fileRef = 4EC7FE8E2C8BAF8700A37E78 /* SceneDelegate.swift */; };
		4EC7FE912C8BAF8700A37E78 /* HomeViewController.swift in Sources */ = {isa = PBXBuildFile; fileRef = 4EC7FE902C8BAF8700A37E78 /* HomeViewController.swift */; };
		4EC7FE962C8BAF8800A37E78 /* Assets.xcassets in Resources */ = {isa = PBXBuildFile; fileRef = 4EC7FE952C8BAF8800A37E78 /* Assets.xcassets */; };
		4EC7FE992C8BAF8800A37E78 /* LaunchScreen.storyboard in Resources */ = {isa = PBXBuildFile; fileRef = 4EC7FE972C8BAF8800A37E78 /* LaunchScreen.storyboard */; };
		4EC7FEAE2C8BAF8900A37E78 /* StarlingRoundUpUITests.swift in Sources */ = {isa = PBXBuildFile; fileRef = 4EC7FEAD2C8BAF8900A37E78 /* StarlingRoundUpUITests.swift */; };
		4EC7FEB02C8BAF8900A37E78 /* StarlingRoundUpUITestsLaunchTests.swift in Sources */ = {isa = PBXBuildFile; fileRef = 4EC7FEAF2C8BAF8900A37E78 /* StarlingRoundUpUITestsLaunchTests.swift */; };
		4EC7FEC22C8BB05300A37E78 /* Coordinator.swift in Sources */ = {isa = PBXBuildFile; fileRef = 4EC7FEC12C8BB05300A37E78 /* Coordinator.swift */; };
		4EC7FEC42C8BB05E00A37E78 /* AppLaunchCoordinator.swift in Sources */ = {isa = PBXBuildFile; fileRef = 4EC7FEC32C8BB05E00A37E78 /* AppLaunchCoordinator.swift */; };
		4EC7FEC62C8BB0B600A37E78 /* HomeCoordinator.swift in Sources */ = {isa = PBXBuildFile; fileRef = 4EC7FEC52C8BB0B600A37E78 /* HomeCoordinator.swift */; };
		4EC7FECC2C8BB39200A37E78 /* HomeViewModel.swift in Sources */ = {isa = PBXBuildFile; fileRef = 4EC7FECB2C8BB39200A37E78 /* HomeViewModel.swift */; };
		4EC7FECE2C8BB3A300A37E78 /* HomeService.swift in Sources */ = {isa = PBXBuildFile; fileRef = 4EC7FECD2C8BB3A300A37E78 /* HomeService.swift */; };
		4EC7FED12C8BB3EE00A37E78 /* Account.swift in Sources */ = {isa = PBXBuildFile; fileRef = 4EC7FED02C8BB3EE00A37E78 /* Account.swift */; };
		4EC7FED32C8BB40C00A37E78 /* UserInfo.swift in Sources */ = {isa = PBXBuildFile; fileRef = 4EC7FED22C8BB40C00A37E78 /* UserInfo.swift */; };
		4EC7FED52C8BB42600A37E78 /* AccountHolder.swift in Sources */ = {isa = PBXBuildFile; fileRef = 4EC7FED42C8BB42600A37E78 /* AccountHolder.swift */; };
		4EC7FED72C8BB43A00A37E78 /* SavingsGoal.swift in Sources */ = {isa = PBXBuildFile; fileRef = 4EC7FED62C8BB43A00A37E78 /* SavingsGoal.swift */; };
		4EC7FEDA2C8BB4A800A37E78 /* SnapKit in Frameworks */ = {isa = PBXBuildFile; productRef = 4EC7FED92C8BB4A800A37E78 /* SnapKit */; };
		4EC7FEDE2C8BB4E700A37E78 /* Strings+Extensions.swift in Sources */ = {isa = PBXBuildFile; fileRef = 4EC7FEDD2C8BB4E700A37E78 /* Strings+Extensions.swift */; };
		4EC7FEE02C8BB4FC00A37E78 /* URLRequest+Extensions.swift in Sources */ = {isa = PBXBuildFile; fileRef = 4EC7FEDF2C8BB4FC00A37E78 /* URLRequest+Extensions.swift */; };
		4EC7FEE22C8BB51700A37E78 /* UITableView+Extensions.swift in Sources */ = {isa = PBXBuildFile; fileRef = 4EC7FEE12C8BB51700A37E78 /* UITableView+Extensions.swift */; };
		4EC7FEE52C8BB54800A37E78 /* HTTPClient.swift in Sources */ = {isa = PBXBuildFile; fileRef = 4EC7FEE42C8BB54800A37E78 /* HTTPClient.swift */; };
		4EC7FEE72C8BB56200A37E78 /* URLSessionHTTPClient.swift in Sources */ = {isa = PBXBuildFile; fileRef = 4EC7FEE62C8BB56200A37E78 /* URLSessionHTTPClient.swift */; };
		4EC7FEE92C8BB57800A37E78 /* APIError.swift in Sources */ = {isa = PBXBuildFile; fileRef = 4EC7FEE82C8BB57800A37E78 /* APIError.swift */; };
		4EC7FEEC2C8BB5A700A37E78 /* URLPool.swift in Sources */ = {isa = PBXBuildFile; fileRef = 4EC7FEEB2C8BB5A700A37E78 /* URLPool.swift */; };
		4EC7FEEE2C8BB5C000A37E78 /* URLRequestPool.swift in Sources */ = {isa = PBXBuildFile; fileRef = 4EC7FEED2C8BB5C000A37E78 /* URLRequestPool.swift */; };
		4EC7FEF02C8BB63A00A37E78 /* Localizable.xcstrings in Resources */ = {isa = PBXBuildFile; fileRef = 4EC7FEEF2C8BB63A00A37E78 /* Localizable.xcstrings */; };
		4EC7FEF22C8BB68100A37E78 /* BaseViewController.swift in Sources */ = {isa = PBXBuildFile; fileRef = 4EC7FEF12C8BB68100A37E78 /* BaseViewController.swift */; };
		4EC7FEF42C8BB6CD00A37E78 /* AccountInfoView.swift in Sources */ = {isa = PBXBuildFile; fileRef = 4EC7FEF32C8BB6CD00A37E78 /* AccountInfoView.swift */; };
		4EC7FEF72C8BBACD00A37E78 /* SavingsViewController.swift in Sources */ = {isa = PBXBuildFile; fileRef = 4EC7FEF62C8BBACD00A37E78 /* SavingsViewController.swift */; };
		4EC7FEF92C8BBAD600A37E78 /* SavingsViewModel.swift in Sources */ = {isa = PBXBuildFile; fileRef = 4EC7FEF82C8BBAD600A37E78 /* SavingsViewModel.swift */; };
		4EC7FEFB2C8BBAEC00A37E78 /* SavingsService.swift in Sources */ = {isa = PBXBuildFile; fileRef = 4EC7FEFA2C8BBAEC00A37E78 /* SavingsService.swift */; };
		4EC7FEFE2C8BBB7F00A37E78 /* SavingsCoordinator.swift in Sources */ = {isa = PBXBuildFile; fileRef = 4EC7FEFD2C8BBB7F00A37E78 /* SavingsCoordinator.swift */; };
		4EC7FF002C8BBBEF00A37E78 /* Data+Extensions.swift in Sources */ = {isa = PBXBuildFile; fileRef = 4EC7FEFF2C8BBBEF00A37E78 /* Data+Extensions.swift */; };
		4EC7FF042C8C9D6800A37E78 /* CGFloat+Extensions.swift in Sources */ = {isa = PBXBuildFile; fileRef = 4EC7FF032C8C9D6800A37E78 /* CGFloat+Extensions.swift */; };
		4EC7FF062C8C9D8A00A37E78 /* ConstraintMakerEditable+Extensions.swift in Sources */ = {isa = PBXBuildFile; fileRef = 4EC7FF052C8C9D8A00A37E78 /* ConstraintMakerEditable+Extensions.swift */; };
		4EC7FF082C8C9DFD00A37E78 /* CreateSavingsGoalViewController.swift in Sources */ = {isa = PBXBuildFile; fileRef = 4EC7FF072C8C9DFD00A37E78 /* CreateSavingsGoalViewController.swift */; };
		4EC7FF0A2C8CC47100A37E78 /* HomeViewModelTests.swift in Sources */ = {isa = PBXBuildFile; fileRef = 4EC7FF092C8CC47100A37E78 /* HomeViewModelTests.swift */; };
		4EC7FF0C2C8CD75C00A37E78 /* RoundUpViewController.swift in Sources */ = {isa = PBXBuildFile; fileRef = 4EC7FF0B2C8CD75C00A37E78 /* RoundUpViewController.swift */; };
		4EC7FF0F2C8CE7CB00A37E78 /* RoundUpViewModel.swift in Sources */ = {isa = PBXBuildFile; fileRef = 4EC7FF0E2C8CE7CA00A37E78 /* RoundUpViewModel.swift */; };
		4EC7FF112C8CE9AF00A37E78 /* Currency.swift in Sources */ = {isa = PBXBuildFile; fileRef = 4EC7FF102C8CE9AF00A37E78 /* Currency.swift */; };
		4EC7FF142C8CFA8C00A37E78 /* Routerable.swift in Sources */ = {isa = PBXBuildFile; fileRef = 4EC7FF132C8CFA8C00A37E78 /* Routerable.swift */; };
		4EC7FF162C8CFAA700A37E78 /* Router.swift in Sources */ = {isa = PBXBuildFile; fileRef = 4EC7FF152C8CFAA700A37E78 /* Router.swift */; };
		4EC7FF1B2C8D9AD400A37E78 /* STActionButton.swift in Sources */ = {isa = PBXBuildFile; fileRef = 4EC7FF1A2C8D9AD400A37E78 /* STActionButton.swift */; };
		4EC7FF1D2C8D9F3500A37E78 /* RoundUpTotalView.swift in Sources */ = {isa = PBXBuildFile; fileRef = 4EC7FF1C2C8D9F3500A37E78 /* RoundUpTotalView.swift */; };
		4EC7FF202C8DEC8100A37E78 /* SavingsGoalCell.swift in Sources */ = {isa = PBXBuildFile; fileRef = 4EC7FF1F2C8DEC8100A37E78 /* SavingsGoalCell.swift */; };
		4EC7FF222C8DF67900A37E78 /* STValueView.swift in Sources */ = {isa = PBXBuildFile; fileRef = 4EC7FF212C8DF67900A37E78 /* STValueView.swift */; };
		4EC7FF252C8DFBDA00A37E78 /* STTitleLabel.swift in Sources */ = {isa = PBXBuildFile; fileRef = 4EC7FF242C8DFBDA00A37E78 /* STTitleLabel.swift */; };
/* End PBXBuildFile section */

/* Begin PBXContainerItemProxy section */
		4EC7FEA02C8BAF8900A37E78 /* PBXContainerItemProxy */ = {
			isa = PBXContainerItemProxy;
			containerPortal = 4EC7FE812C8BAF8700A37E78 /* Project object */;
			proxyType = 1;
			remoteGlobalIDString = 4EC7FE882C8BAF8700A37E78;
			remoteInfo = StarlingRoundUp;
		};
		4EC7FEAA2C8BAF8900A37E78 /* PBXContainerItemProxy */ = {
			isa = PBXContainerItemProxy;
			containerPortal = 4EC7FE812C8BAF8700A37E78 /* Project object */;
			proxyType = 1;
			remoteGlobalIDString = 4EC7FE882C8BAF8700A37E78;
			remoteInfo = StarlingRoundUp;
		};
/* End PBXContainerItemProxy section */

/* Begin PBXFileReference section */
		4E5B09C22C8E381100FBA473 /* TransactionsHeaderView.swift */ = {isa = PBXFileReference; lastKnownFileType = sourcecode.swift; path = TransactionsHeaderView.swift; sourceTree = "<group>"; };
		4EC7FE892C8BAF8700A37E78 /* StarlingRoundUp.app */ = {isa = PBXFileReference; explicitFileType = wrapper.application; includeInIndex = 0; path = StarlingRoundUp.app; sourceTree = BUILT_PRODUCTS_DIR; };
		4EC7FE8C2C8BAF8700A37E78 /* AppDelegate.swift */ = {isa = PBXFileReference; lastKnownFileType = sourcecode.swift; path = AppDelegate.swift; sourceTree = "<group>"; };
		4EC7FE8E2C8BAF8700A37E78 /* SceneDelegate.swift */ = {isa = PBXFileReference; lastKnownFileType = sourcecode.swift; path = SceneDelegate.swift; sourceTree = "<group>"; };
		4EC7FE902C8BAF8700A37E78 /* HomeViewController.swift */ = {isa = PBXFileReference; lastKnownFileType = sourcecode.swift; path = HomeViewController.swift; sourceTree = "<group>"; };
		4EC7FE952C8BAF8800A37E78 /* Assets.xcassets */ = {isa = PBXFileReference; lastKnownFileType = folder.assetcatalog; path = Assets.xcassets; sourceTree = "<group>"; };
		4EC7FE982C8BAF8800A37E78 /* Base */ = {isa = PBXFileReference; lastKnownFileType = file.storyboard; name = Base; path = Base.lproj/LaunchScreen.storyboard; sourceTree = "<group>"; };
		4EC7FE9A2C8BAF8900A37E78 /* Info.plist */ = {isa = PBXFileReference; lastKnownFileType = text.plist.xml; path = Info.plist; sourceTree = "<group>"; };
		4EC7FE9F2C8BAF8900A37E78 /* StarlingRoundUpTests.xctest */ = {isa = PBXFileReference; explicitFileType = wrapper.cfbundle; includeInIndex = 0; path = StarlingRoundUpTests.xctest; sourceTree = BUILT_PRODUCTS_DIR; };
		4EC7FEA92C8BAF8900A37E78 /* StarlingRoundUpUITests.xctest */ = {isa = PBXFileReference; explicitFileType = wrapper.cfbundle; includeInIndex = 0; path = StarlingRoundUpUITests.xctest; sourceTree = BUILT_PRODUCTS_DIR; };
		4EC7FEAD2C8BAF8900A37E78 /* StarlingRoundUpUITests.swift */ = {isa = PBXFileReference; lastKnownFileType = sourcecode.swift; path = StarlingRoundUpUITests.swift; sourceTree = "<group>"; };
		4EC7FEAF2C8BAF8900A37E78 /* StarlingRoundUpUITestsLaunchTests.swift */ = {isa = PBXFileReference; lastKnownFileType = sourcecode.swift; path = StarlingRoundUpUITestsLaunchTests.swift; sourceTree = "<group>"; };
		4EC7FEC12C8BB05300A37E78 /* Coordinator.swift */ = {isa = PBXFileReference; lastKnownFileType = sourcecode.swift; path = Coordinator.swift; sourceTree = "<group>"; };
		4EC7FEC32C8BB05E00A37E78 /* AppLaunchCoordinator.swift */ = {isa = PBXFileReference; lastKnownFileType = sourcecode.swift; path = AppLaunchCoordinator.swift; sourceTree = "<group>"; };
		4EC7FEC52C8BB0B600A37E78 /* HomeCoordinator.swift */ = {isa = PBXFileReference; lastKnownFileType = sourcecode.swift; path = HomeCoordinator.swift; sourceTree = "<group>"; };
		4EC7FECB2C8BB39200A37E78 /* HomeViewModel.swift */ = {isa = PBXFileReference; lastKnownFileType = sourcecode.swift; path = HomeViewModel.swift; sourceTree = "<group>"; };
		4EC7FECD2C8BB3A300A37E78 /* HomeService.swift */ = {isa = PBXFileReference; lastKnownFileType = sourcecode.swift; path = HomeService.swift; sourceTree = "<group>"; };
		4EC7FED02C8BB3EE00A37E78 /* Account.swift */ = {isa = PBXFileReference; lastKnownFileType = sourcecode.swift; path = Account.swift; sourceTree = "<group>"; };
		4EC7FED22C8BB40C00A37E78 /* UserInfo.swift */ = {isa = PBXFileReference; lastKnownFileType = sourcecode.swift; path = UserInfo.swift; sourceTree = "<group>"; };
		4EC7FED42C8BB42600A37E78 /* AccountHolder.swift */ = {isa = PBXFileReference; lastKnownFileType = sourcecode.swift; path = AccountHolder.swift; sourceTree = "<group>"; };
		4EC7FED62C8BB43A00A37E78 /* SavingsGoal.swift */ = {isa = PBXFileReference; lastKnownFileType = sourcecode.swift; path = SavingsGoal.swift; sourceTree = "<group>"; };
		4EC7FEDD2C8BB4E700A37E78 /* Strings+Extensions.swift */ = {isa = PBXFileReference; lastKnownFileType = sourcecode.swift; path = "Strings+Extensions.swift"; sourceTree = "<group>"; };
		4EC7FEDF2C8BB4FC00A37E78 /* URLRequest+Extensions.swift */ = {isa = PBXFileReference; lastKnownFileType = sourcecode.swift; path = "URLRequest+Extensions.swift"; sourceTree = "<group>"; };
		4EC7FEE12C8BB51700A37E78 /* UITableView+Extensions.swift */ = {isa = PBXFileReference; lastKnownFileType = sourcecode.swift; path = "UITableView+Extensions.swift"; sourceTree = "<group>"; };
		4EC7FEE42C8BB54800A37E78 /* HTTPClient.swift */ = {isa = PBXFileReference; lastKnownFileType = sourcecode.swift; path = HTTPClient.swift; sourceTree = "<group>"; };
		4EC7FEE62C8BB56200A37E78 /* URLSessionHTTPClient.swift */ = {isa = PBXFileReference; lastKnownFileType = sourcecode.swift; path = URLSessionHTTPClient.swift; sourceTree = "<group>"; };
		4EC7FEE82C8BB57800A37E78 /* APIError.swift */ = {isa = PBXFileReference; lastKnownFileType = sourcecode.swift; path = APIError.swift; sourceTree = "<group>"; };
		4EC7FEEB2C8BB5A700A37E78 /* URLPool.swift */ = {isa = PBXFileReference; lastKnownFileType = sourcecode.swift; path = URLPool.swift; sourceTree = "<group>"; };
		4EC7FEED2C8BB5C000A37E78 /* URLRequestPool.swift */ = {isa = PBXFileReference; lastKnownFileType = sourcecode.swift; path = URLRequestPool.swift; sourceTree = "<group>"; };
		4EC7FEEF2C8BB63A00A37E78 /* Localizable.xcstrings */ = {isa = PBXFileReference; lastKnownFileType = text.json.xcstrings; path = Localizable.xcstrings; sourceTree = "<group>"; };
		4EC7FEF12C8BB68100A37E78 /* BaseViewController.swift */ = {isa = PBXFileReference; lastKnownFileType = sourcecode.swift; path = BaseViewController.swift; sourceTree = "<group>"; };
		4EC7FEF32C8BB6CD00A37E78 /* AccountInfoView.swift */ = {isa = PBXFileReference; lastKnownFileType = sourcecode.swift; path = AccountInfoView.swift; sourceTree = "<group>"; };
		4EC7FEF62C8BBACD00A37E78 /* SavingsViewController.swift */ = {isa = PBXFileReference; lastKnownFileType = sourcecode.swift; path = SavingsViewController.swift; sourceTree = "<group>"; };
		4EC7FEF82C8BBAD600A37E78 /* SavingsViewModel.swift */ = {isa = PBXFileReference; lastKnownFileType = sourcecode.swift; path = SavingsViewModel.swift; sourceTree = "<group>"; };
		4EC7FEFA2C8BBAEC00A37E78 /* SavingsService.swift */ = {isa = PBXFileReference; lastKnownFileType = sourcecode.swift; path = SavingsService.swift; sourceTree = "<group>"; };
		4EC7FEFD2C8BBB7F00A37E78 /* SavingsCoordinator.swift */ = {isa = PBXFileReference; lastKnownFileType = sourcecode.swift; path = SavingsCoordinator.swift; sourceTree = "<group>"; };
		4EC7FEFF2C8BBBEF00A37E78 /* Data+Extensions.swift */ = {isa = PBXFileReference; lastKnownFileType = sourcecode.swift; path = "Data+Extensions.swift"; sourceTree = "<group>"; };
		4EC7FF032C8C9D6800A37E78 /* CGFloat+Extensions.swift */ = {isa = PBXFileReference; lastKnownFileType = sourcecode.swift; path = "CGFloat+Extensions.swift"; sourceTree = "<group>"; };
		4EC7FF052C8C9D8A00A37E78 /* ConstraintMakerEditable+Extensions.swift */ = {isa = PBXFileReference; lastKnownFileType = sourcecode.swift; path = "ConstraintMakerEditable+Extensions.swift"; sourceTree = "<group>"; };
		4EC7FF072C8C9DFD00A37E78 /* CreateSavingsGoalViewController.swift */ = {isa = PBXFileReference; lastKnownFileType = sourcecode.swift; path = CreateSavingsGoalViewController.swift; sourceTree = "<group>"; };
		4EC7FF092C8CC47100A37E78 /* HomeViewModelTests.swift */ = {isa = PBXFileReference; lastKnownFileType = sourcecode.swift; path = HomeViewModelTests.swift; sourceTree = "<group>"; };
		4EC7FF0B2C8CD75C00A37E78 /* RoundUpViewController.swift */ = {isa = PBXFileReference; lastKnownFileType = sourcecode.swift; path = RoundUpViewController.swift; sourceTree = "<group>"; };
		4EC7FF0E2C8CE7CA00A37E78 /* RoundUpViewModel.swift */ = {isa = PBXFileReference; lastKnownFileType = sourcecode.swift; path = RoundUpViewModel.swift; sourceTree = "<group>"; };
		4EC7FF102C8CE9AF00A37E78 /* Currency.swift */ = {isa = PBXFileReference; lastKnownFileType = sourcecode.swift; path = Currency.swift; sourceTree = "<group>"; };
		4EC7FF132C8CFA8C00A37E78 /* Routerable.swift */ = {isa = PBXFileReference; lastKnownFileType = sourcecode.swift; path = Routerable.swift; sourceTree = "<group>"; };
		4EC7FF152C8CFAA700A37E78 /* Router.swift */ = {isa = PBXFileReference; lastKnownFileType = sourcecode.swift; path = Router.swift; sourceTree = "<group>"; };
		4EC7FF1A2C8D9AD400A37E78 /* STActionButton.swift */ = {isa = PBXFileReference; lastKnownFileType = sourcecode.swift; path = STActionButton.swift; sourceTree = "<group>"; };
		4EC7FF1C2C8D9F3500A37E78 /* RoundUpTotalView.swift */ = {isa = PBXFileReference; lastKnownFileType = sourcecode.swift; path = RoundUpTotalView.swift; sourceTree = "<group>"; };
		4EC7FF1F2C8DEC8100A37E78 /* SavingsGoalCell.swift */ = {isa = PBXFileReference; lastKnownFileType = sourcecode.swift; path = SavingsGoalCell.swift; sourceTree = "<group>"; };
		4EC7FF212C8DF67900A37E78 /* STValueView.swift */ = {isa = PBXFileReference; lastKnownFileType = sourcecode.swift; path = STValueView.swift; sourceTree = "<group>"; };
		4EC7FF242C8DFBDA00A37E78 /* STTitleLabel.swift */ = {isa = PBXFileReference; lastKnownFileType = sourcecode.swift; path = STTitleLabel.swift; sourceTree = "<group>"; };
/* End PBXFileReference section */

/* Begin PBXFrameworksBuildPhase section */
		4EC7FE862C8BAF8700A37E78 /* Frameworks */ = {
			isa = PBXFrameworksBuildPhase;
			buildActionMask = 2147483647;
			files = (
				4EC7FEDA2C8BB4A800A37E78 /* SnapKit in Frameworks */,
			);
			runOnlyForDeploymentPostprocessing = 0;
		};
		4EC7FE9C2C8BAF8900A37E78 /* Frameworks */ = {
			isa = PBXFrameworksBuildPhase;
			buildActionMask = 2147483647;
			files = (
			);
			runOnlyForDeploymentPostprocessing = 0;
		};
		4EC7FEA62C8BAF8900A37E78 /* Frameworks */ = {
			isa = PBXFrameworksBuildPhase;
			buildActionMask = 2147483647;
			files = (
			);
			runOnlyForDeploymentPostprocessing = 0;
		};
/* End PBXFrameworksBuildPhase section */

/* Begin PBXGroup section */
		4EC7FE802C8BAF8700A37E78 = {
			isa = PBXGroup;
			children = (
				4EC7FE8B2C8BAF8700A37E78 /* Sources */,
				4EC7FEA22C8BAF8900A37E78 /* Tests */,
				4EC7FEAC2C8BAF8900A37E78 /* UITests */,
				4EC7FE8A2C8BAF8700A37E78 /* Products */,
			);
			sourceTree = "<group>";
		};
		4EC7FE8A2C8BAF8700A37E78 /* Products */ = {
			isa = PBXGroup;
			children = (
				4EC7FE892C8BAF8700A37E78 /* StarlingRoundUp.app */,
				4EC7FE9F2C8BAF8900A37E78 /* StarlingRoundUpTests.xctest */,
				4EC7FEA92C8BAF8900A37E78 /* StarlingRoundUpUITests.xctest */,
			);
			name = Products;
			sourceTree = "<group>";
		};
		4EC7FE8B2C8BAF8700A37E78 /* Sources */ = {
			isa = PBXGroup;
			children = (
				4EC7FEBD2C8BAFF700A37E78 /* Application */,
				4EC7FECF2C8BB3D000A37E78 /* Model */,
				4EC7FEC92C8BB0FB00A37E78 /* Feature */,
				4EC7FEBC2C8BAFBE00A37E78 /* Supporting Files */,
				4EC7FEBE2C8BB02000A37E78 /* Utilities */,
			);
			path = Sources;
			sourceTree = "<group>";
		};
		4EC7FEA22C8BAF8900A37E78 /* Tests */ = {
			isa = PBXGroup;
			children = (
				4EC7FF092C8CC47100A37E78 /* HomeViewModelTests.swift */,
			);
			path = Tests;
			sourceTree = "<group>";
		};
		4EC7FEAC2C8BAF8900A37E78 /* UITests */ = {
			isa = PBXGroup;
			children = (
				4EC7FEAD2C8BAF8900A37E78 /* StarlingRoundUpUITests.swift */,
				4EC7FEAF2C8BAF8900A37E78 /* StarlingRoundUpUITestsLaunchTests.swift */,
			);
			path = UITests;
			sourceTree = "<group>";
		};
		4EC7FEBC2C8BAFBE00A37E78 /* Supporting Files */ = {
			isa = PBXGroup;
			children = (
				4EC7FE952C8BAF8800A37E78 /* Assets.xcassets */,
				4EC7FE972C8BAF8800A37E78 /* LaunchScreen.storyboard */,
				4EC7FE9A2C8BAF8900A37E78 /* Info.plist */,
				4EC7FEEF2C8BB63A00A37E78 /* Localizable.xcstrings */,
			);
			path = "Supporting Files";
			sourceTree = "<group>";
		};
		4EC7FEBD2C8BAFF700A37E78 /* Application */ = {
			isa = PBXGroup;
			children = (
				4EC7FE8C2C8BAF8700A37E78 /* AppDelegate.swift */,
				4EC7FE8E2C8BAF8700A37E78 /* SceneDelegate.swift */,
			);
			path = Application;
			sourceTree = "<group>";
		};
		4EC7FEBE2C8BB02000A37E78 /* Utilities */ = {
			isa = PBXGroup;
			children = (
				4EC7FEBF2C8BB03100A37E78 /* Coordinator */,
				4EC7FF172C8D99CA00A37E78 /* Custom Views */,
				4EC7FEDC2C8BB4CA00A37E78 /* Extensions */,
				4EC7FEDB2C8BB4BB00A37E78 /* Networking */,
				4EC7FF122C8CFA7B00A37E78 /* Router */,
			);
			path = Utilities;
			sourceTree = "<group>";
		};
		4EC7FEBF2C8BB03100A37E78 /* Coordinator */ = {
			isa = PBXGroup;
			children = (
				4EC7FEC02C8BB03B00A37E78 /* Tabs */,
				4EC7FEC12C8BB05300A37E78 /* Coordinator.swift */,
				4EC7FEC32C8BB05E00A37E78 /* AppLaunchCoordinator.swift */,
			);
			path = Coordinator;
			sourceTree = "<group>";
		};
		4EC7FEC02C8BB03B00A37E78 /* Tabs */ = {
			isa = PBXGroup;
			children = (
				4EC7FEC52C8BB0B600A37E78 /* HomeCoordinator.swift */,
				4EC7FEFD2C8BBB7F00A37E78 /* SavingsCoordinator.swift */,
			);
			path = Tabs;
			sourceTree = "<group>";
		};
		4EC7FEC92C8BB0FB00A37E78 /* Feature */ = {
			isa = PBXGroup;
			children = (
				4EC7FECA2C8BB2B300A37E78 /* Home */,
				4EC7FF0D2C8CE7A600A37E78 /* Round Up */,
				4EC7FEF52C8BBAB400A37E78 /* Savings */,
				4EC7FEF12C8BB68100A37E78 /* BaseViewController.swift */,
			);
			path = Feature;
			sourceTree = "<group>";
		};
		4EC7FECA2C8BB2B300A37E78 /* Home */ = {
			isa = PBXGroup;
			children = (
				4EC7FECD2C8BB3A300A37E78 /* HomeService.swift */,
				4EC7FECB2C8BB39200A37E78 /* HomeViewModel.swift */,
				4EC7FE902C8BAF8700A37E78 /* HomeViewController.swift */,
			);
			path = Home;
			sourceTree = "<group>";
		};
		4EC7FECF2C8BB3D000A37E78 /* Model */ = {
			isa = PBXGroup;
			children = (
				4EC7FED02C8BB3EE00A37E78 /* Account.swift */,
				4EC7FED22C8BB40C00A37E78 /* UserInfo.swift */,
				4EC7FED42C8BB42600A37E78 /* AccountHolder.swift */,
				4EC7FED62C8BB43A00A37E78 /* SavingsGoal.swift */,
				4EC7FF102C8CE9AF00A37E78 /* Currency.swift */,
			);
			path = Model;
			sourceTree = "<group>";
		};
		4EC7FEDB2C8BB4BB00A37E78 /* Networking */ = {
			isa = PBXGroup;
			children = (
				4EC7FEE32C8BB53000A37E78 /* Client */,
				4EC7FEE82C8BB57800A37E78 /* APIError.swift */,
				4EC7FEEB2C8BB5A700A37E78 /* URLPool.swift */,
				4EC7FEED2C8BB5C000A37E78 /* URLRequestPool.swift */,
			);
			path = Networking;
			sourceTree = "<group>";
		};
		4EC7FEDC2C8BB4CA00A37E78 /* Extensions */ = {
			isa = PBXGroup;
			children = (
				4EC7FF032C8C9D6800A37E78 /* CGFloat+Extensions.swift */,
				4EC7FF052C8C9D8A00A37E78 /* ConstraintMakerEditable+Extensions.swift */,
				4EC7FEFF2C8BBBEF00A37E78 /* Data+Extensions.swift */,
				4EC7FEDD2C8BB4E700A37E78 /* Strings+Extensions.swift */,
				4EC7FEE12C8BB51700A37E78 /* UITableView+Extensions.swift */,
				4EC7FEDF2C8BB4FC00A37E78 /* URLRequest+Extensions.swift */,
			);
			path = Extensions;
			sourceTree = "<group>";
		};
		4EC7FEE32C8BB53000A37E78 /* Client */ = {
			isa = PBXGroup;
			children = (
				4EC7FEE42C8BB54800A37E78 /* HTTPClient.swift */,
				4EC7FEE62C8BB56200A37E78 /* URLSessionHTTPClient.swift */,
			);
			path = Client;
			sourceTree = "<group>";
		};
		4EC7FEF52C8BBAB400A37E78 /* Savings */ = {
			isa = PBXGroup;
			children = (
				4EC7FEFA2C8BBAEC00A37E78 /* SavingsService.swift */,
				4EC7FEF82C8BBAD600A37E78 /* SavingsViewModel.swift */,
				4EC7FEF62C8BBACD00A37E78 /* SavingsViewController.swift */,
				4EC7FF072C8C9DFD00A37E78 /* CreateSavingsGoalViewController.swift */,
			);
			path = Savings;
			sourceTree = "<group>";
		};
		4EC7FF0D2C8CE7A600A37E78 /* Round Up */ = {
			isa = PBXGroup;
			children = (
				4EC7FF0E2C8CE7CA00A37E78 /* RoundUpViewModel.swift */,
				4EC7FF0B2C8CD75C00A37E78 /* RoundUpViewController.swift */,
			);
			path = "Round Up";
			sourceTree = "<group>";
		};
		4EC7FF122C8CFA7B00A37E78 /* Router */ = {
			isa = PBXGroup;
			children = (
				4EC7FF132C8CFA8C00A37E78 /* Routerable.swift */,
				4EC7FF152C8CFAA700A37E78 /* Router.swift */,
			);
			path = Router;
			sourceTree = "<group>";
		};
		4EC7FF172C8D99CA00A37E78 /* Custom Views */ = {
			isa = PBXGroup;
			children = (
				4EC7FF232C8DFBBF00A37E78 /* Labels */,
				4EC7FF192C8D9A3A00A37E78 /* Buttons */,
				4EC7FF1E2C8DEC6000A37E78 /* Cells */,
				4EC7FF182C8D9A2B00A37E78 /* Views */,
			);
			path = "Custom Views";
			sourceTree = "<group>";
		};
		4EC7FF182C8D9A2B00A37E78 /* Views */ = {
			isa = PBXGroup;
			children = (
				4EC7FEF32C8BB6CD00A37E78 /* AccountInfoView.swift */,
				4EC7FF1C2C8D9F3500A37E78 /* RoundUpTotalView.swift */,
				4EC7FF212C8DF67900A37E78 /* STValueView.swift */,
				4E5B09C22C8E381100FBA473 /* TransactionsHeaderView.swift */,
			);
			path = Views;
			sourceTree = "<group>";
		};
		4EC7FF192C8D9A3A00A37E78 /* Buttons */ = {
			isa = PBXGroup;
			children = (
				4EC7FF1A2C8D9AD400A37E78 /* STActionButton.swift */,
			);
			path = Buttons;
			sourceTree = "<group>";
		};
		4EC7FF1E2C8DEC6000A37E78 /* Cells */ = {
			isa = PBXGroup;
			children = (
				4EC7FF1F2C8DEC8100A37E78 /* SavingsGoalCell.swift */,
			);
			path = Cells;
			sourceTree = "<group>";
		};
		4EC7FF232C8DFBBF00A37E78 /* Labels */ = {
			isa = PBXGroup;
			children = (
				4EC7FF242C8DFBDA00A37E78 /* STTitleLabel.swift */,
			);
			path = Labels;
			sourceTree = "<group>";
		};
/* End PBXGroup section */

/* Begin PBXNativeTarget section */
		4EC7FE882C8BAF8700A37E78 /* StarlingRoundUp */ = {
			isa = PBXNativeTarget;
			buildConfigurationList = 4EC7FEB32C8BAF8900A37E78 /* Build configuration list for PBXNativeTarget "StarlingRoundUp" */;
			buildPhases = (
				4EC7FE852C8BAF8700A37E78 /* Sources */,
				4EC7FE862C8BAF8700A37E78 /* Frameworks */,
				4EC7FE872C8BAF8700A37E78 /* Resources */,
			);
			buildRules = (
			);
			dependencies = (
			);
			name = StarlingRoundUp;
			packageProductDependencies = (
				4EC7FED92C8BB4A800A37E78 /* SnapKit */,
			);
			productName = StarlingRoundUp;
			productReference = 4EC7FE892C8BAF8700A37E78 /* StarlingRoundUp.app */;
			productType = "com.apple.product-type.application";
		};
		4EC7FE9E2C8BAF8900A37E78 /* StarlingRoundUpTests */ = {
			isa = PBXNativeTarget;
			buildConfigurationList = 4EC7FEB62C8BAF8900A37E78 /* Build configuration list for PBXNativeTarget "StarlingRoundUpTests" */;
			buildPhases = (
				4EC7FE9B2C8BAF8900A37E78 /* Sources */,
				4EC7FE9C2C8BAF8900A37E78 /* Frameworks */,
				4EC7FE9D2C8BAF8900A37E78 /* Resources */,
			);
			buildRules = (
			);
			dependencies = (
				4EC7FEA12C8BAF8900A37E78 /* PBXTargetDependency */,
			);
			name = StarlingRoundUpTests;
			productName = StarlingRoundUpTests;
			productReference = 4EC7FE9F2C8BAF8900A37E78 /* StarlingRoundUpTests.xctest */;
			productType = "com.apple.product-type.bundle.unit-test";
		};
		4EC7FEA82C8BAF8900A37E78 /* StarlingRoundUpUITests */ = {
			isa = PBXNativeTarget;
			buildConfigurationList = 4EC7FEB92C8BAF8900A37E78 /* Build configuration list for PBXNativeTarget "StarlingRoundUpUITests" */;
			buildPhases = (
				4EC7FEA52C8BAF8900A37E78 /* Sources */,
				4EC7FEA62C8BAF8900A37E78 /* Frameworks */,
				4EC7FEA72C8BAF8900A37E78 /* Resources */,
			);
			buildRules = (
			);
			dependencies = (
				4EC7FEAB2C8BAF8900A37E78 /* PBXTargetDependency */,
			);
			name = StarlingRoundUpUITests;
			productName = StarlingRoundUpUITests;
			productReference = 4EC7FEA92C8BAF8900A37E78 /* StarlingRoundUpUITests.xctest */;
			productType = "com.apple.product-type.bundle.ui-testing";
		};
/* End PBXNativeTarget section */

/* Begin PBXProject section */
		4EC7FE812C8BAF8700A37E78 /* Project object */ = {
			isa = PBXProject;
			attributes = {
				BuildIndependentTargetsInParallel = 1;
				LastSwiftUpdateCheck = 1520;
				LastUpgradeCheck = 1520;
				TargetAttributes = {
					4EC7FE882C8BAF8700A37E78 = {
						CreatedOnToolsVersion = 15.2;
					};
					4EC7FE9E2C8BAF8900A37E78 = {
						CreatedOnToolsVersion = 15.2;
						TestTargetID = 4EC7FE882C8BAF8700A37E78;
					};
					4EC7FEA82C8BAF8900A37E78 = {
						CreatedOnToolsVersion = 15.2;
						TestTargetID = 4EC7FE882C8BAF8700A37E78;
					};
				};
			};
			buildConfigurationList = 4EC7FE842C8BAF8700A37E78 /* Build configuration list for PBXProject "StarlingRoundUp" */;
			compatibilityVersion = "Xcode 14.0";
			developmentRegion = en;
			hasScannedForEncodings = 0;
			knownRegions = (
				en,
				Base,
			);
			mainGroup = 4EC7FE802C8BAF8700A37E78;
			packageReferences = (
				4EC7FED82C8BB4A800A37E78 /* XCRemoteSwiftPackageReference "SnapKit" */,
			);
			productRefGroup = 4EC7FE8A2C8BAF8700A37E78 /* Products */;
			projectDirPath = "";
			projectRoot = "";
			targets = (
				4EC7FE882C8BAF8700A37E78 /* StarlingRoundUp */,
				4EC7FE9E2C8BAF8900A37E78 /* StarlingRoundUpTests */,
				4EC7FEA82C8BAF8900A37E78 /* StarlingRoundUpUITests */,
			);
		};
/* End PBXProject section */

/* Begin PBXResourcesBuildPhase section */
		4EC7FE872C8BAF8700A37E78 /* Resources */ = {
			isa = PBXResourcesBuildPhase;
			buildActionMask = 2147483647;
			files = (
				4EC7FE992C8BAF8800A37E78 /* LaunchScreen.storyboard in Resources */,
				4EC7FE962C8BAF8800A37E78 /* Assets.xcassets in Resources */,
				4EC7FEF02C8BB63A00A37E78 /* Localizable.xcstrings in Resources */,
			);
			runOnlyForDeploymentPostprocessing = 0;
		};
		4EC7FE9D2C8BAF8900A37E78 /* Resources */ = {
			isa = PBXResourcesBuildPhase;
			buildActionMask = 2147483647;
			files = (
			);
			runOnlyForDeploymentPostprocessing = 0;
		};
		4EC7FEA72C8BAF8900A37E78 /* Resources */ = {
			isa = PBXResourcesBuildPhase;
			buildActionMask = 2147483647;
			files = (
			);
			runOnlyForDeploymentPostprocessing = 0;
		};
/* End PBXResourcesBuildPhase section */

/* Begin PBXSourcesBuildPhase section */
		4EC7FE852C8BAF8700A37E78 /* Sources */ = {
			isa = PBXSourcesBuildPhase;
			buildActionMask = 2147483647;
			files = (
				4EC7FEF92C8BBAD600A37E78 /* SavingsViewModel.swift in Sources */,
				4EC7FEE22C8BB51700A37E78 /* UITableView+Extensions.swift in Sources */,
				4EC7FF202C8DEC8100A37E78 /* SavingsGoalCell.swift in Sources */,
				4EC7FF042C8C9D6800A37E78 /* CGFloat+Extensions.swift in Sources */,
				4EC7FF0C2C8CD75C00A37E78 /* RoundUpViewController.swift in Sources */,
				4EC7FEEE2C8BB5C000A37E78 /* URLRequestPool.swift in Sources */,
				4EC7FEC22C8BB05300A37E78 /* Coordinator.swift in Sources */,
				4EC7FE912C8BAF8700A37E78 /* HomeViewController.swift in Sources */,
				4EC7FECC2C8BB39200A37E78 /* HomeViewModel.swift in Sources */,
				4E5B09C32C8E381100FBA473 /* TransactionsHeaderView.swift in Sources */,
				4EC7FEF72C8BBACD00A37E78 /* SavingsViewController.swift in Sources */,
				4EC7FF062C8C9D8A00A37E78 /* ConstraintMakerEditable+Extensions.swift in Sources */,
				4EC7FF0F2C8CE7CB00A37E78 /* RoundUpViewModel.swift in Sources */,
				4EC7FEF22C8BB68100A37E78 /* BaseViewController.swift in Sources */,
				4EC7FF142C8CFA8C00A37E78 /* Routerable.swift in Sources */,
				4EC7FEFB2C8BBAEC00A37E78 /* SavingsService.swift in Sources */,
				4EC7FF1D2C8D9F3500A37E78 /* RoundUpTotalView.swift in Sources */,
				4EC7FEE72C8BB56200A37E78 /* URLSessionHTTPClient.swift in Sources */,
				4EC7FEFE2C8BBB7F00A37E78 /* SavingsCoordinator.swift in Sources */,
				4EC7FF1B2C8D9AD400A37E78 /* STActionButton.swift in Sources */,
				4EC7FF222C8DF67900A37E78 /* STValueView.swift in Sources */,
				4EC7FE8D2C8BAF8700A37E78 /* AppDelegate.swift in Sources */,
				4EC7FF162C8CFAA700A37E78 /* Router.swift in Sources */,
				4EC7FF002C8BBBEF00A37E78 /* Data+Extensions.swift in Sources */,
				4EC7FEF42C8BB6CD00A37E78 /* AccountInfoView.swift in Sources */,
				4EC7FED52C8BB42600A37E78 /* AccountHolder.swift in Sources */,
				4EC7FEDE2C8BB4E700A37E78 /* Strings+Extensions.swift in Sources */,
				4EC7FEC42C8BB05E00A37E78 /* AppLaunchCoordinator.swift in Sources */,
				4EC7FF082C8C9DFD00A37E78 /* CreateSavingsGoalViewController.swift in Sources */,
				4EC7FED12C8BB3EE00A37E78 /* Account.swift in Sources */,
				4EC7FE8F2C8BAF8700A37E78 /* SceneDelegate.swift in Sources */,
				4EC7FEE52C8BB54800A37E78 /* HTTPClient.swift in Sources */,
				4EC7FEEC2C8BB5A700A37E78 /* URLPool.swift in Sources */,
				4EC7FECE2C8BB3A300A37E78 /* HomeService.swift in Sources */,
				4EC7FED32C8BB40C00A37E78 /* UserInfo.swift in Sources */,
				4EC7FEE02C8BB4FC00A37E78 /* URLRequest+Extensions.swift in Sources */,
				4EC7FED72C8BB43A00A37E78 /* SavingsGoal.swift in Sources */,
				4EC7FEC62C8BB0B600A37E78 /* HomeCoordinator.swift in Sources */,
				4EC7FF112C8CE9AF00A37E78 /* Currency.swift in Sources */,
				4EC7FF252C8DFBDA00A37E78 /* STTitleLabel.swift in Sources */,
				4EC7FEE92C8BB57800A37E78 /* APIError.swift in Sources */,
			);
			runOnlyForDeploymentPostprocessing = 0;
		};
		4EC7FE9B2C8BAF8900A37E78 /* Sources */ = {
			isa = PBXSourcesBuildPhase;
			buildActionMask = 2147483647;
			files = (
				4EC7FF0A2C8CC47100A37E78 /* HomeViewModelTests.swift in Sources */,
			);
			runOnlyForDeploymentPostprocessing = 0;
		};
		4EC7FEA52C8BAF8900A37E78 /* Sources */ = {
			isa = PBXSourcesBuildPhase;
			buildActionMask = 2147483647;
			files = (
				4EC7FEB02C8BAF8900A37E78 /* StarlingRoundUpUITestsLaunchTests.swift in Sources */,
				4EC7FEAE2C8BAF8900A37E78 /* StarlingRoundUpUITests.swift in Sources */,
			);
			runOnlyForDeploymentPostprocessing = 0;
		};
/* End PBXSourcesBuildPhase section */

/* Begin PBXTargetDependency section */
		4EC7FEA12C8BAF8900A37E78 /* PBXTargetDependency */ = {
			isa = PBXTargetDependency;
			target = 4EC7FE882C8BAF8700A37E78 /* StarlingRoundUp */;
			targetProxy = 4EC7FEA02C8BAF8900A37E78 /* PBXContainerItemProxy */;
		};
		4EC7FEAB2C8BAF8900A37E78 /* PBXTargetDependency */ = {
			isa = PBXTargetDependency;
			target = 4EC7FE882C8BAF8700A37E78 /* StarlingRoundUp */;
			targetProxy = 4EC7FEAA2C8BAF8900A37E78 /* PBXContainerItemProxy */;
		};
/* End PBXTargetDependency section */

/* Begin PBXVariantGroup section */
		4EC7FE972C8BAF8800A37E78 /* LaunchScreen.storyboard */ = {
			isa = PBXVariantGroup;
			children = (
				4EC7FE982C8BAF8800A37E78 /* Base */,
			);
			name = LaunchScreen.storyboard;
			sourceTree = "<group>";
		};
/* End PBXVariantGroup section */

/* Begin XCBuildConfiguration section */
		4EC7FEB12C8BAF8900A37E78 /* Debug */ = {
			isa = XCBuildConfiguration;
			buildSettings = {
				ALWAYS_SEARCH_USER_PATHS = NO;
				ASSETCATALOG_COMPILER_GENERATE_SWIFT_ASSET_SYMBOL_EXTENSIONS = YES;
				CLANG_ANALYZER_NONNULL = YES;
				CLANG_ANALYZER_NUMBER_OBJECT_CONVERSION = YES_AGGRESSIVE;
				CLANG_CXX_LANGUAGE_STANDARD = "gnu++20";
				CLANG_ENABLE_MODULES = YES;
				CLANG_ENABLE_OBJC_ARC = YES;
				CLANG_ENABLE_OBJC_WEAK = YES;
				CLANG_WARN_BLOCK_CAPTURE_AUTORELEASING = YES;
				CLANG_WARN_BOOL_CONVERSION = YES;
				CLANG_WARN_COMMA = YES;
				CLANG_WARN_CONSTANT_CONVERSION = YES;
				CLANG_WARN_DEPRECATED_OBJC_IMPLEMENTATIONS = YES;
				CLANG_WARN_DIRECT_OBJC_ISA_USAGE = YES_ERROR;
				CLANG_WARN_DOCUMENTATION_COMMENTS = YES;
				CLANG_WARN_EMPTY_BODY = YES;
				CLANG_WARN_ENUM_CONVERSION = YES;
				CLANG_WARN_INFINITE_RECURSION = YES;
				CLANG_WARN_INT_CONVERSION = YES;
				CLANG_WARN_NON_LITERAL_NULL_CONVERSION = YES;
				CLANG_WARN_OBJC_IMPLICIT_RETAIN_SELF = YES;
				CLANG_WARN_OBJC_LITERAL_CONVERSION = YES;
				CLANG_WARN_OBJC_ROOT_CLASS = YES_ERROR;
				CLANG_WARN_QUOTED_INCLUDE_IN_FRAMEWORK_HEADER = YES;
				CLANG_WARN_RANGE_LOOP_ANALYSIS = YES;
				CLANG_WARN_STRICT_PROTOTYPES = YES;
				CLANG_WARN_SUSPICIOUS_MOVE = YES;
				CLANG_WARN_UNGUARDED_AVAILABILITY = YES_AGGRESSIVE;
				CLANG_WARN_UNREACHABLE_CODE = YES;
				CLANG_WARN__DUPLICATE_METHOD_MATCH = YES;
				COPY_PHASE_STRIP = NO;
				DEBUG_INFORMATION_FORMAT = dwarf;
				ENABLE_STRICT_OBJC_MSGSEND = YES;
				ENABLE_TESTABILITY = YES;
				ENABLE_USER_SCRIPT_SANDBOXING = YES;
				GCC_C_LANGUAGE_STANDARD = gnu17;
				GCC_DYNAMIC_NO_PIC = NO;
				GCC_NO_COMMON_BLOCKS = YES;
				GCC_OPTIMIZATION_LEVEL = 0;
				GCC_PREPROCESSOR_DEFINITIONS = (
					"DEBUG=1",
					"$(inherited)",
				);
				GCC_WARN_64_TO_32_BIT_CONVERSION = YES;
				GCC_WARN_ABOUT_RETURN_TYPE = YES_ERROR;
				GCC_WARN_UNDECLARED_SELECTOR = YES;
				GCC_WARN_UNINITIALIZED_AUTOS = YES_AGGRESSIVE;
				GCC_WARN_UNUSED_FUNCTION = YES;
				GCC_WARN_UNUSED_VARIABLE = YES;
				IPHONEOS_DEPLOYMENT_TARGET = 17.2;
				LOCALIZATION_PREFERS_STRING_CATALOGS = YES;
				MTL_ENABLE_DEBUG_INFO = INCLUDE_SOURCE;
				MTL_FAST_MATH = YES;
				ONLY_ACTIVE_ARCH = YES;
				SDKROOT = iphoneos;
				SWIFT_ACTIVE_COMPILATION_CONDITIONS = "DEBUG $(inherited)";
				SWIFT_OPTIMIZATION_LEVEL = "-Onone";
			};
			name = Debug;
		};
		4EC7FEB22C8BAF8900A37E78 /* Release */ = {
			isa = XCBuildConfiguration;
			buildSettings = {
				ALWAYS_SEARCH_USER_PATHS = NO;
				ASSETCATALOG_COMPILER_GENERATE_SWIFT_ASSET_SYMBOL_EXTENSIONS = YES;
				CLANG_ANALYZER_NONNULL = YES;
				CLANG_ANALYZER_NUMBER_OBJECT_CONVERSION = YES_AGGRESSIVE;
				CLANG_CXX_LANGUAGE_STANDARD = "gnu++20";
				CLANG_ENABLE_MODULES = YES;
				CLANG_ENABLE_OBJC_ARC = YES;
				CLANG_ENABLE_OBJC_WEAK = YES;
				CLANG_WARN_BLOCK_CAPTURE_AUTORELEASING = YES;
				CLANG_WARN_BOOL_CONVERSION = YES;
				CLANG_WARN_COMMA = YES;
				CLANG_WARN_CONSTANT_CONVERSION = YES;
				CLANG_WARN_DEPRECATED_OBJC_IMPLEMENTATIONS = YES;
				CLANG_WARN_DIRECT_OBJC_ISA_USAGE = YES_ERROR;
				CLANG_WARN_DOCUMENTATION_COMMENTS = YES;
				CLANG_WARN_EMPTY_BODY = YES;
				CLANG_WARN_ENUM_CONVERSION = YES;
				CLANG_WARN_INFINITE_RECURSION = YES;
				CLANG_WARN_INT_CONVERSION = YES;
				CLANG_WARN_NON_LITERAL_NULL_CONVERSION = YES;
				CLANG_WARN_OBJC_IMPLICIT_RETAIN_SELF = YES;
				CLANG_WARN_OBJC_LITERAL_CONVERSION = YES;
				CLANG_WARN_OBJC_ROOT_CLASS = YES_ERROR;
				CLANG_WARN_QUOTED_INCLUDE_IN_FRAMEWORK_HEADER = YES;
				CLANG_WARN_RANGE_LOOP_ANALYSIS = YES;
				CLANG_WARN_STRICT_PROTOTYPES = YES;
				CLANG_WARN_SUSPICIOUS_MOVE = YES;
				CLANG_WARN_UNGUARDED_AVAILABILITY = YES_AGGRESSIVE;
				CLANG_WARN_UNREACHABLE_CODE = YES;
				CLANG_WARN__DUPLICATE_METHOD_MATCH = YES;
				COPY_PHASE_STRIP = NO;
				DEBUG_INFORMATION_FORMAT = "dwarf-with-dsym";
				ENABLE_NS_ASSERTIONS = NO;
				ENABLE_STRICT_OBJC_MSGSEND = YES;
				ENABLE_USER_SCRIPT_SANDBOXING = YES;
				GCC_C_LANGUAGE_STANDARD = gnu17;
				GCC_NO_COMMON_BLOCKS = YES;
				GCC_WARN_64_TO_32_BIT_CONVERSION = YES;
				GCC_WARN_ABOUT_RETURN_TYPE = YES_ERROR;
				GCC_WARN_UNDECLARED_SELECTOR = YES;
				GCC_WARN_UNINITIALIZED_AUTOS = YES_AGGRESSIVE;
				GCC_WARN_UNUSED_FUNCTION = YES;
				GCC_WARN_UNUSED_VARIABLE = YES;
				IPHONEOS_DEPLOYMENT_TARGET = 17.2;
				LOCALIZATION_PREFERS_STRING_CATALOGS = YES;
				MTL_ENABLE_DEBUG_INFO = NO;
				MTL_FAST_MATH = YES;
				SDKROOT = iphoneos;
				SWIFT_COMPILATION_MODE = wholemodule;
				VALIDATE_PRODUCT = YES;
			};
			name = Release;
		};
		4EC7FEB42C8BAF8900A37E78 /* Debug */ = {
			isa = XCBuildConfiguration;
			buildSettings = {
				ASSETCATALOG_COMPILER_APPICON_NAME = AppIcon;
				ASSETCATALOG_COMPILER_GLOBAL_ACCENT_COLOR_NAME = AccentColor;
				CODE_SIGN_STYLE = Automatic;
				CURRENT_PROJECT_VERSION = 1;
				DEVELOPMENT_TEAM = D8T996G46R;
				GENERATE_INFOPLIST_FILE = YES;
				INFOPLIST_FILE = "Sources/Supporting Files/Info.plist";
				INFOPLIST_KEY_UIApplicationSupportsIndirectInputEvents = YES;
				INFOPLIST_KEY_UILaunchStoryboardName = LaunchScreen;
				INFOPLIST_KEY_UIMainStoryboardFile = "";
				INFOPLIST_KEY_UISupportedInterfaceOrientations_iPad = "UIInterfaceOrientationPortrait UIInterfaceOrientationPortraitUpsideDown UIInterfaceOrientationLandscapeLeft UIInterfaceOrientationLandscapeRight";
				INFOPLIST_KEY_UISupportedInterfaceOrientations_iPhone = "UIInterfaceOrientationPortrait UIInterfaceOrientationLandscapeLeft UIInterfaceOrientationLandscapeRight";
				LD_RUNPATH_SEARCH_PATHS = (
					"$(inherited)",
					"@executable_path/Frameworks",
				);
				MARKETING_VERSION = 1.0;
				PRODUCT_BUNDLE_IDENTIFIER = dev.moahmad.StarlingRoundUp;
				PRODUCT_NAME = "$(TARGET_NAME)";
				SWIFT_EMIT_LOC_STRINGS = YES;
				SWIFT_VERSION = 5.0;
				TARGETED_DEVICE_FAMILY = "1,2";
			};
			name = Debug;
		};
		4EC7FEB52C8BAF8900A37E78 /* Release */ = {
			isa = XCBuildConfiguration;
			buildSettings = {
				ASSETCATALOG_COMPILER_APPICON_NAME = AppIcon;
				ASSETCATALOG_COMPILER_GLOBAL_ACCENT_COLOR_NAME = AccentColor;
				CODE_SIGN_STYLE = Automatic;
				CURRENT_PROJECT_VERSION = 1;
				DEVELOPMENT_TEAM = D8T996G46R;
				GENERATE_INFOPLIST_FILE = YES;
				INFOPLIST_FILE = "Sources/Supporting Files/Info.plist";
				INFOPLIST_KEY_UIApplicationSupportsIndirectInputEvents = YES;
				INFOPLIST_KEY_UILaunchStoryboardName = LaunchScreen;
				INFOPLIST_KEY_UIMainStoryboardFile = "";
				INFOPLIST_KEY_UISupportedInterfaceOrientations_iPad = "UIInterfaceOrientationPortrait UIInterfaceOrientationPortraitUpsideDown UIInterfaceOrientationLandscapeLeft UIInterfaceOrientationLandscapeRight";
				INFOPLIST_KEY_UISupportedInterfaceOrientations_iPhone = "UIInterfaceOrientationPortrait UIInterfaceOrientationLandscapeLeft UIInterfaceOrientationLandscapeRight";
				LD_RUNPATH_SEARCH_PATHS = (
					"$(inherited)",
					"@executable_path/Frameworks",
				);
				MARKETING_VERSION = 1.0;
				PRODUCT_BUNDLE_IDENTIFIER = dev.moahmad.StarlingRoundUp;
				PRODUCT_NAME = "$(TARGET_NAME)";
				SWIFT_EMIT_LOC_STRINGS = YES;
				SWIFT_VERSION = 5.0;
				TARGETED_DEVICE_FAMILY = "1,2";
			};
			name = Release;
		};
		4EC7FEB72C8BAF8900A37E78 /* Debug */ = {
			isa = XCBuildConfiguration;
			buildSettings = {
				ALWAYS_EMBED_SWIFT_STANDARD_LIBRARIES = YES;
				BUNDLE_LOADER = "$(TEST_HOST)";
				CODE_SIGN_STYLE = Automatic;
				CURRENT_PROJECT_VERSION = 1;
				DEVELOPMENT_TEAM = D8T996G46R;
				GENERATE_INFOPLIST_FILE = YES;
				IPHONEOS_DEPLOYMENT_TARGET = 17.2;
				MARKETING_VERSION = 1.0;
				PRODUCT_BUNDLE_IDENTIFIER = dev.moahmad.StarlingRoundUpTests;
				PRODUCT_NAME = "$(TARGET_NAME)";
				SWIFT_EMIT_LOC_STRINGS = NO;
				SWIFT_VERSION = 5.0;
				TARGETED_DEVICE_FAMILY = "1,2";
				TEST_HOST = "$(BUILT_PRODUCTS_DIR)/StarlingRoundUp.app/$(BUNDLE_EXECUTABLE_FOLDER_PATH)/StarlingRoundUp";
			};
			name = Debug;
		};
		4EC7FEB82C8BAF8900A37E78 /* Release */ = {
			isa = XCBuildConfiguration;
			buildSettings = {
				ALWAYS_EMBED_SWIFT_STANDARD_LIBRARIES = YES;
				BUNDLE_LOADER = "$(TEST_HOST)";
				CODE_SIGN_STYLE = Automatic;
				CURRENT_PROJECT_VERSION = 1;
				DEVELOPMENT_TEAM = D8T996G46R;
				GENERATE_INFOPLIST_FILE = YES;
				IPHONEOS_DEPLOYMENT_TARGET = 17.2;
				MARKETING_VERSION = 1.0;
				PRODUCT_BUNDLE_IDENTIFIER = dev.moahmad.StarlingRoundUpTests;
				PRODUCT_NAME = "$(TARGET_NAME)";
				SWIFT_EMIT_LOC_STRINGS = NO;
				SWIFT_VERSION = 5.0;
				TARGETED_DEVICE_FAMILY = "1,2";
				TEST_HOST = "$(BUILT_PRODUCTS_DIR)/StarlingRoundUp.app/$(BUNDLE_EXECUTABLE_FOLDER_PATH)/StarlingRoundUp";
			};
			name = Release;
		};
		4EC7FEBA2C8BAF8900A37E78 /* Debug */ = {
			isa = XCBuildConfiguration;
			buildSettings = {
				ALWAYS_EMBED_SWIFT_STANDARD_LIBRARIES = YES;
				CODE_SIGN_STYLE = Automatic;
				CURRENT_PROJECT_VERSION = 1;
				DEVELOPMENT_TEAM = D8T996G46R;
				GENERATE_INFOPLIST_FILE = YES;
				MARKETING_VERSION = 1.0;
				PRODUCT_BUNDLE_IDENTIFIER = dev.moahmad.StarlingRoundUpUITests;
				PRODUCT_NAME = "$(TARGET_NAME)";
				SWIFT_EMIT_LOC_STRINGS = NO;
				SWIFT_VERSION = 5.0;
				TARGETED_DEVICE_FAMILY = "1,2";
				TEST_TARGET_NAME = StarlingRoundUp;
			};
			name = Debug;
		};
		4EC7FEBB2C8BAF8900A37E78 /* Release */ = {
			isa = XCBuildConfiguration;
			buildSettings = {
				ALWAYS_EMBED_SWIFT_STANDARD_LIBRARIES = YES;
				CODE_SIGN_STYLE = Automatic;
				CURRENT_PROJECT_VERSION = 1;
				DEVELOPMENT_TEAM = D8T996G46R;
				GENERATE_INFOPLIST_FILE = YES;
				MARKETING_VERSION = 1.0;
				PRODUCT_BUNDLE_IDENTIFIER = dev.moahmad.StarlingRoundUpUITests;
				PRODUCT_NAME = "$(TARGET_NAME)";
				SWIFT_EMIT_LOC_STRINGS = NO;
				SWIFT_VERSION = 5.0;
				TARGETED_DEVICE_FAMILY = "1,2";
				TEST_TARGET_NAME = StarlingRoundUp;
			};
			name = Release;
		};
/* End XCBuildConfiguration section */

/* Begin XCConfigurationList section */
		4EC7FE842C8BAF8700A37E78 /* Build configuration list for PBXProject "StarlingRoundUp" */ = {
			isa = XCConfigurationList;
			buildConfigurations = (
				4EC7FEB12C8BAF8900A37E78 /* Debug */,
				4EC7FEB22C8BAF8900A37E78 /* Release */,
			);
			defaultConfigurationIsVisible = 0;
			defaultConfigurationName = Release;
		};
		4EC7FEB32C8BAF8900A37E78 /* Build configuration list for PBXNativeTarget "StarlingRoundUp" */ = {
			isa = XCConfigurationList;
			buildConfigurations = (
				4EC7FEB42C8BAF8900A37E78 /* Debug */,
				4EC7FEB52C8BAF8900A37E78 /* Release */,
			);
			defaultConfigurationIsVisible = 0;
			defaultConfigurationName = Release;
		};
		4EC7FEB62C8BAF8900A37E78 /* Build configuration list for PBXNativeTarget "StarlingRoundUpTests" */ = {
			isa = XCConfigurationList;
			buildConfigurations = (
				4EC7FEB72C8BAF8900A37E78 /* Debug */,
				4EC7FEB82C8BAF8900A37E78 /* Release */,
			);
			defaultConfigurationIsVisible = 0;
			defaultConfigurationName = Release;
		};
		4EC7FEB92C8BAF8900A37E78 /* Build configuration list for PBXNativeTarget "StarlingRoundUpUITests" */ = {
			isa = XCConfigurationList;
			buildConfigurations = (
				4EC7FEBA2C8BAF8900A37E78 /* Debug */,
				4EC7FEBB2C8BAF8900A37E78 /* Release */,
			);
			defaultConfigurationIsVisible = 0;
			defaultConfigurationName = Release;
		};
/* End XCConfigurationList section */

/* Begin XCRemoteSwiftPackageReference section */
		4EC7FED82C8BB4A800A37E78 /* XCRemoteSwiftPackageReference "SnapKit" */ = {
			isa = XCRemoteSwiftPackageReference;
			repositoryURL = "https://github.com/SnapKit/SnapKit";
			requirement = {
				kind = exactVersion;
				version = 5.7.1;
			};
		};
/* End XCRemoteSwiftPackageReference section */

/* Begin XCSwiftPackageProductDependency section */
		4EC7FED92C8BB4A800A37E78 /* SnapKit */ = {
			isa = XCSwiftPackageProductDependency;
			package = 4EC7FED82C8BB4A800A37E78 /* XCRemoteSwiftPackageReference "SnapKit" */;
			productName = SnapKit;
		};
/* End XCSwiftPackageProductDependency section */
	};
	rootObject = 4EC7FE812C8BAF8700A37E78 /* Project object */;
}
